
Microsoft Visual Studio Solution File, Format Version 12.00
# Visual Studio 15
VisualStudioVersion = 15.0.28010.2041
MinimumVisualStudioVersion = 10.0.40219.1
Project("{9A19103F-16F7-4668-BE54-9A1E7A4F7556}") = "RSAT.Api", "RSAT.Api\RSAT.Api.csproj", "{58C07E23-0186-48AE-81F2-2FB7A27181CD}"
EndProject
Global
	GlobalSection(SolutionConfigurationPlatforms) = preSolution
		Debug|Any CPU = Debug|Any CPU
		Release|Any CPU = Release|Any CPU
	EndGlobalSection
	GlobalSection(ProjectConfigurationPlatforms) = postSolution
		{58C07E23-0186-48AE-81F2-2FB7A27181CD}.Debug|Any CPU.ActiveCfg = Debug|Any CPU
		{58C07E23-0186-48AE-81F2-2FB7A27181CD}.Debug|Any CPU.Build.0 = Debug|Any CPU
		{58C07E23-0186-48AE-81F2-2FB7A27181CD}.Release|Any CPU.ActiveCfg = Release|Any CPU
		{58C07E23-0186-48AE-81F2-2FB7A27181CD}.Release|Any CPU.Build.0 = Release|Any CPU
	EndGlobalSection
	GlobalSection(SolutionProperties) = preSolution
		HideSolutionNode = FALSE
	EndGlobalSection
	GlobalSection(ExtensibilityGlobals) = postSolution
		SolutionGuid = {5FD7854F-0854-4A7D-935C-89D6726D3D9E}
	EndGlobalSection
EndGlobal
